Microsoft Visual Studio Solution File, Format Version 12.00
# Visual Studio 2012
Project("{2150E333-8FDC-42A3-9474-1A3956D46DE8}") = "Src", "Src", "{B096AD30-A9DE-428B-A5EF-591A2654125D}"
EndProject
Project("{2150E333-8FDC-42A3-9474-1A3956D46DE8}") = "Samples", "Samples", "{1BBDACED-3ED6-4F7F-A5B0-55531E9B3671}"
EndProject
Project("{FAE04EC0-301F-11D3-BF4B-00C04F79EFBC}") = "UnitProxy", "Src\UnitProxy\UnitProxy.csproj", "{FE82D5D1-4FAE-45CB-9B62-F8747404D506}"
EndProject
Project("{FAE04EC0-301F-11D3-BF4B-00C04F79EFBC}") = "RegUnitAsm", "Src\RegCOUnitAsm\RegUnitAsm.csproj", "{542C3624-3096-4208-B971-A5A50F084444}"
EndProject
Project("{FAE04EC0-301F-11D3-BF4B-00C04F79EFBC}") = "CapeOpenDummy", "Samples\Dummy Unit\CapeOpenDummy.csproj", "{4F238859-3767-4830-BAB4-38B84DEE115D}"
EndProject
Project("{FAE04EC0-301F-11D3-BF4B-00C04F79EFBC}") = "CapeOpenSplitter", "Samples\Splitter Unit\CapeOpenSplitter.csproj", "{FC16954B-1A51-4B01-9438-22C7E2725743}"
EndProject
Project("{FAE04EC0-301F-11D3-BF4B-00C04F79EFBC}") = "CapeOpenReactor", "Samples\Reactor Unit\CapeOpenReactor.csproj", "{56D6AA37-2A3C-4FB2-B45F-A537B552EC56}"
EndProject
Project("{FAE04EC0-301F-11D3-BF4B-00C04F79EFBC}") = "CapeOpenWar", "Samples\WAR Unit\CapeOpenWar.csproj", "{1F997519-EB78-4BEC-8025-BC6DF237DF04}"
EndProject
Project("{FAE04EC0-301F-11D3-BF4B-00C04F79EFBC}") = "CapeOpenExchangerCOCO", "Samples\CapeOpenExchangerCOCO\CapeOpenExchangerCOCO.csproj", "{EBA601D1-0AE9-4284-93DD-E6758D3A0579}"
EndProject
Project("{FAE04EC0-301F-11D3-BF4B-00C04F79EFBC}") = "CapeOpenHeatExchanger", "Samples\Heat Exchanger\CapeOpenHeatExchanger.csproj", "{9C08B1DA-1FC9-4123-818D-F8672603FE32}"
EndProject
Global
	GlobalSection(SolutionConfigurationPlatforms) = preSolution
		Debug|Any CPU = Debug|Any CPU
		Release|Any CPU = Release|Any CPU
	EndGlobalSection
	GlobalSection(ProjectConfigurationPlatforms) = postSolution
		{FE82D5D1-4FAE-45CB-9B62-F8747404D506}.Debug|Any CPU.ActiveCfg = Debug|Any CPU
		{FE82D5D1-4FAE-45CB-9B62-F8747404D506}.Debug|Any CPU.Build.0 = Debug|Any CPU
		{FE82D5D1-4FAE-45CB-9B62-F8747404D506}.Release|Any CPU.ActiveCfg = Release|Any CPU
		{FE82D5D1-4FAE-45CB-9B62-F8747404D506}.Release|Any CPU.Build.0 = Release|Any CPU
		{542C3624-3096-4208-B971-A5A50F084444}.Debug|Any CPU.ActiveCfg = Debug|Any CPU
		{542C3624-3096-4208-B971-A5A50F084444}.Debug|Any CPU.Build.0 = Debug|Any CPU
		{542C3624-3096-4208-B971-A5A50F084444}.Release|Any CPU.ActiveCfg = Release|Any CPU
		{542C3624-3096-4208-B971-A5A50F084444}.Release|Any CPU.Build.0 = Release|Any CPU
		{4F238859-3767-4830-BAB4-38B84DEE115D}.Debug|Any CPU.ActiveCfg = Debug|Any CPU
		{4F238859-3767-4830-BAB4-38B84DEE115D}.Debug|Any CPU.Build.0 = Debug|Any CPU
		{4F238859-3767-4830-BAB4-38B84DEE115D}.Release|Any CPU.ActiveCfg = Release|Any CPU
		{4F238859-3767-4830-BAB4-38B84DEE115D}.Release|Any CPU.Build.0 = Release|Any CPU
		{FC16954B-1A51-4B01-9438-22C7E2725743}.Debug|Any CPU.ActiveCfg = Debug|Any CPU
		{FC16954B-1A51-4B01-9438-22C7E2725743}.Debug|Any CPU.Build.0 = Debug|Any CPU
		{FC16954B-1A51-4B01-9438-22C7E2725743}.Release|Any CPU.ActiveCfg = Release|Any CPU
		{FC16954B-1A51-4B01-9438-22C7E2725743}.Release|Any CPU.Build.0 = Release|Any CPU
		{56D6AA37-2A3C-4FB2-B45F-A537B552EC56}.Debug|Any CPU.ActiveCfg = Debug|Any CPU
		{56D6AA37-2A3C-4FB2-B45F-A537B552EC56}.Debug|Any CPU.Build.0 = Debug|Any CPU
		{56D6AA37-2A3C-4FB2-B45F-A537B552EC56}.Release|Any CPU.ActiveCfg = Release|Any CPU
		{56D6AA37-2A3C-4FB2-B45F-A537B552EC56}.Release|Any CPU.Build.0 = Release|Any CPU
		{1F997519-EB78-4BEC-8025-BC6DF237DF04}.Debug|Any CPU.ActiveCfg = Debug|Any CPU
		{1F997519-EB78-4BEC-8025-BC6DF237DF04}.Debug|Any CPU.Build.0 = Debug|Any CPU
		{1F997519-EB78-4BEC-8025-BC6DF237DF04}.Release|Any CPU.ActiveCfg = Release|Any CPU
		{1F997519-EB78-4BEC-8025-BC6DF237DF04}.Release|Any CPU.Build.0 = Release|Any CPU
		{EBA601D1-0AE9-4284-93DD-E6758D3A0579}.Debug|Any CPU.ActiveCfg = Debug|Any CPU
		{EBA601D1-0AE9-4284-93DD-E6758D3A0579}.Debug|Any CPU.Build.0 = Debug|Any CPU
		{EBA601D1-0AE9-4284-93DD-E6758D3A0579}.Release|Any CPU.ActiveCfg = Release|Any CPU
		{EBA601D1-0AE9-4284-93DD-E6758D3A0579}.Release|Any CPU.Build.0 = Release|Any CPU
		{9C08B1DA-1FC9-4123-818D-F8672603FE32}.Debug|Any CPU.ActiveCfg = Debug|Any CPU
		{9C08B1DA-1FC9-4123-818D-F8672603FE32}.Debug|Any CPU.Build.0 = Debug|Any CPU
		{9C08B1DA-1FC9-4123-818D-F8672603FE32}.Release|Any CPU.ActiveCfg = Release|Any CPU
		{9C08B1DA-1FC9-4123-818D-F8672603FE32}.Release|Any CPU.Build.0 = Release|Any CPU
	EndGlobalSection
	GlobalSection(SolutionProperties) = preSolution
		HideSolutionNode = FALSE
	EndGlobalSection
	GlobalSection(NestedProjects) = preSolution
		{FE82D5D1-4FAE-45CB-9B62-F8747404D506} = {B096AD30-A9DE-428B-A5EF-591A2654125D}
		{542C3624-3096-4208-B971-A5A50F084444} = {B096AD30-A9DE-428B-A5EF-591A2654125D}
		{4F238859-3767-4830-BAB4-38B84DEE115D} = {1BBDACED-3ED6-4F7F-A5B0-55531E9B3671}
		{FC16954B-1A51-4B01-9438-22C7E2725743} = {1BBDACED-3ED6-4F7F-A5B0-55531E9B3671}
		{56D6AA37-2A3C-4FB2-B45F-A537B552EC56} = {1BBDACED-3ED6-4F7F-A5B0-55531E9B3671}
		{1F997519-EB78-4BEC-8025-BC6DF237DF04} = {1BBDACED-3ED6-4F7F-A5B0-55531E9B3671}
		{EBA601D1-0AE9-4284-93DD-E6758D3A0579} = {1BBDACED-3ED6-4F7F-A5B0-55531E9B3671}
		{9C08B1DA-1FC9-4123-818D-F8672603FE32} = {1BBDACED-3ED6-4F7F-A5B0-55531E9B3671}
	EndGlobalSection
EndGlobal
